// !$*UTF8*$!
{
	archiveVersion = 1;
	classes = {
	};
	objectVersion = 45;
	objects = {

/* Begin PBXBuildFile section */
		0A7612251037BB3B00FB7130 /* TwitterSearchOperation.m in Sources */ = {isa = PBXBuildFile; fileRef = 0A7612241037BB3B00FB7130 /* TwitterSearchOperation.m */; };
		0A7612D9103815FA00FB7130 /* CDataScanner_Extensions.m in Sources */ = {isa = PBXBuildFile; fileRef = 0A7612C9103815FA00FB7130 /* CDataScanner_Extensions.m */; };
		0A7612DA103815FA00FB7130 /* NSCharacterSet_Extensions.m in Sources */ = {isa = PBXBuildFile; fileRef = 0A7612CB103815FA00FB7130 /* NSCharacterSet_Extensions.m */; };
		0A7612DB103815FA00FB7130 /* NSDictionary_JSONExtensions.m in Sources */ = {isa = PBXBuildFile; fileRef = 0A7612CD103815FA00FB7130 /* NSDictionary_JSONExtensions.m */; };
		0A7612DC103815FA00FB7130 /* NSScanner_Extensions.m in Sources */ = {isa = PBXBuildFile; fileRef = 0A7612CF103815FA00FB7130 /* NSScanner_Extensions.m */; };
		0A7612DD103815FA00FB7130 /* CJSONDeserializer.m in Sources */ = {isa = PBXBuildFile; fileRef = 0A7612D2103815FA00FB7130 /* CJSONDeserializer.m */; };
		0A7612DE103815FA00FB7130 /* CJSONScanner.m in Sources */ = {isa = PBXBuildFile; fileRef = 0A7612D4103815FA00FB7130 /* CJSONScanner.m */; };
		0A7612DF103815FA00FB7130 /* CJSONSerializer.m in Sources */ = {isa = PBXBuildFile; fileRef = 0A7612D6103815FA00FB7130 /* CJSONSerializer.m */; };
		0A7612E0103815FA00FB7130 /* CDataScanner.m in Sources */ = {isa = PBXBuildFile; fileRef = 0A7612D8103815FA00FB7130 /* CDataScanner.m */; };
		0A76133010381D0900FB7130 /* Tweet.m in Sources */ = {isa = PBXBuildFile; fileRef = 0A76132F10381D0900FB7130 /* Tweet.m */; };
		0ABFEA57103234DB00F707BA /* SearchTermTableViewController.m in Sources */ = {isa = PBXBuildFile; fileRef = 0ABFEA56103234DB00F707BA /* SearchTermTableViewController.m */; };
		0ABFEAE11032477F00F707BA /* SearchTermEntryTableViewController.m in Sources */ = {isa = PBXBuildFile; fileRef = 0ABFEAE01032477F00F707BA /* SearchTermEntryTableViewController.m */; };
		0AF74F131032C33700BD7270 /* SearchTermEntryTableViewCell.m in Sources */ = {isa = PBXBuildFile; fileRef = 0AF74F121032C33700BD7270 /* SearchTermEntryTableViewCell.m */; };
		0AF74F151032C46D00BD7270 /* SearchTermEntryTableViewCell.xib in Resources */ = {isa = PBXBuildFile; fileRef = 0AF74F141032C46D00BD7270 /* SearchTermEntryTableViewCell.xib */; };
		1D3623260D0F684500981E51 /* TweetherAppDelegate.m in Sources */ = {isa = PBXBuildFile; fileRef = 1D3623250D0F684500981E51 /* TweetherAppDelegate.m */; };
		1D60589B0D05DD56006BFB54 /* main.m in Sources */ = {isa = PBXBuildFile; fileRef = 29B97316FDCFA39411CA2CEA /* main.m */; };
		1D60589F0D05DD5A006BFB54 /* Foundation.framework in Frameworks */ = {isa = PBXBuildFile; fileRef = 1D30AB110D05D00D00671497 /* Foundation.framework */; };
		1DF5F4E00D08C38300B7A737 /* UIKit.framework in Frameworks */ = {isa = PBXBuildFile; fileRef = 1DF5F4DF0D08C38300B7A737 /* UIKit.framework */; };
		288765FD0DF74451002DB57D /* CoreGraphics.framework in Frameworks */ = {isa = PBXBuildFile; fileRef = 288765FC0DF74451002DB57D /* CoreGraphics.framework */; };
		28AD733F0D9D9553002E5188 /* MainWindow.xib in Resources */ = {isa = PBXBuildFile; fileRef = 28AD733E0D9D9553002E5188 /* MainWindow.xib */; };
/* End PBXBuildFile section */

/* Begin PBXFileReference section */
		0A7612231037BB3B00FB7130 /* TwitterSearchOperation.h */ = {isa = PBXFileReference; fileEncoding = 4; lastKnownFileType = sourcecode.c.h; path = TwitterSearchOperation.h; sourceTree = "<group>"; };
		0A7612241037BB3B00FB7130 /* TwitterSearchOperation.m */ = {isa = PBXFileReference; fileEncoding = 4; lastKnownFileType = sourcecode.c.objc; path = TwitterSearchOperation.m; sourceTree = "<group>"; };
		0A7612C8103815FA00FB7130 /* CDataScanner_Extensions.h */ = {isa = PBXFileReference; fileEncoding = 4; lastKnownFileType = sourcecode.c.h; path = CDataScanner_Extensions.h; sourceTree = "<group>"; };
		0A7612C9103815FA00FB7130 /* CDataScanner_Extensions.m */ = {isa = PBXFileReference; fileEncoding = 4; lastKnownFileType = sourcecode.c.objc; path = CDataScanner_Extensions.m; sourceTree = "<group>"; };
		0A7612CA103815FA00FB7130 /* NSCharacterSet_Extensions.h */ = {isa = PBXFileReference; fileEncoding = 4; lastKnownFileType = sourcecode.c.h; path = NSCharacterSet_Extensions.h; sourceTree = "<group>"; };
		0A7612CB103815FA00FB7130 /* NSCharacterSet_Extensions.m */ = {isa = PBXFileReference; fileEncoding = 4; lastKnownFileType = sourcecode.c.objc; path = NSCharacterSet_Extensions.m; sourceTree = "<group>"; };
		0A7612CC103815FA00FB7130 /* NSDictionary_JSONExtensions.h */ = {isa = PBXFileReference; fileEncoding = 4; lastKnownFileType = sourcecode.c.h; path = NSDictionary_JSONExtensions.h; sourceTree = "<group>"; };
		0A7612CD103815FA00FB7130 /* NSDictionary_JSONExtensions.m */ = {isa = PBXFileReference; fileEncoding = 4; lastKnownFileType = sourcecode.c.objc; path = NSDictionary_JSONExtensions.m; sourceTree = "<group>"; };
		0A7612CE103815FA00FB7130 /* NSScanner_Extensions.h */ = {isa = PBXFileReference; fileEncoding = 4; lastKnownFileType = sourcecode.c.h; path = NSScanner_Extensions.h; sourceTree = "<group>"; };
		0A7612CF103815FA00FB7130 /* NSScanner_Extensions.m */ = {isa = PBXFileReference; fileEncoding = 4; lastKnownFileType = sourcecode.c.objc; path = NSScanner_Extensions.m; sourceTree = "<group>"; };
		0A7612D1103815FA00FB7130 /* CJSONDeserializer.h */ = {isa = PBXFileReference; fileEncoding = 4; lastKnownFileType = sourcecode.c.h; path = CJSONDeserializer.h; sourceTree = "<group>"; };
		0A7612D2103815FA00FB7130 /* CJSONDeserializer.m */ = {isa = PBXFileReference; fileEncoding = 4; lastKnownFileType = sourcecode.c.objc; path = CJSONDeserializer.m; sourceTree = "<group>"; };
		0A7612D3103815FA00FB7130 /* CJSONScanner.h */ = {isa = PBXFileReference; fileEncoding = 4; lastKnownFileType = sourcecode.c.h; path = CJSONScanner.h; sourceTree = "<group>"; };
		0A7612D4103815FA00FB7130 /* CJSONScanner.m */ = {isa = PBXFileReference; fileEncoding = 4; lastKnownFileType = sourcecode.c.objc; path = CJSONScanner.m; sourceTree = "<group>"; };
		0A7612D5103815FA00FB7130 /* CJSONSerializer.h */ = {isa = PBXFileReference; fileEncoding = 4; lastKnownFileType = sourcecode.c.h; path = CJSONSerializer.h; sourceTree = "<group>"; };
		0A7612D6103815FA00FB7130 /* CJSONSerializer.m */ = {isa = PBXFileReference; fileEncoding = 4; lastKnownFileType = sourcecode.c.objc; path = CJSONSerializer.m; sourceTree = "<group>"; };
		0A7612D7103815FA00FB7130 /* CDataScanner.h */ = {isa = PBXFileReference; fileEncoding = 4; lastKnownFileType = sourcecode.c.h; path = CDataScanner.h; sourceTree = "<group>"; };
		0A7612D8103815FA00FB7130 /* CDataScanner.m */ = {isa = PBXFileReference; fileEncoding = 4; lastKnownFileType = sourcecode.c.objc; path = CDataScanner.m; sourceTree = "<group>"; };
		0A76132E10381D0900FB7130 /* Tweet.h */ = {isa = PBXFileReference; fileEncoding = 4; lastKnownFileType = sourcecode.c.h; path = Tweet.h; sourceTree = "<group>"; };
		0A76132F10381D0900FB7130 /* Tweet.m */ = {isa = PBXFileReference; fileEncoding = 4; lastKnownFileType = sourcecode.c.objc; path = Tweet.m; sourceTree = "<group>"; };
		0A76135C1038214200FB7130 /* TwitterSearchResultDelegate.h */ = {isa = PBXFileReference; fileEncoding = 4; lastKnownFileType = sourcecode.c.h; path = TwitterSearchResultDelegate.h; sourceTree = "<group>"; };
		0ABFEA55103234DB00F707BA /* SearchTermTableViewController.h */ = {isa = PBXFileReference; fileEncoding = 4; lastKnownFileType = sourcecode.c.h; path = SearchTermTableViewController.h; sourceTree = "<group>"; };
		0ABFEA56103234DB00F707BA /* SearchTermTableViewController.m */ = {isa = PBXFileReference; fileEncoding = 4; lastKnownFileType = sourcecode.c.objc; path = SearchTermTableViewController.m; sourceTree = "<group>"; };
		0ABFEADF1032477F00F707BA /* SearchTermEntryTableViewController.h */ = {isa = PBXFileReference; fileEncoding = 4; lastKnownFileType = sourcecode.c.h; path = SearchTermEntryTableViewController.h; sourceTree = "<group>"; };
		0ABFEAE01032477F00F707BA /* SearchTermEntryTableViewController.m */ = {isa = PBXFileReference; fileEncoding = 4; lastKnownFileType = sourcecode.c.objc; path = SearchTermEntryTableViewController.m; sourceTree = "<group>"; };
		0ABFEAE2103247BA00F707BA /* SearchTermEntryDelegate.h */ = {isa = PBXFileReference; fileEncoding = 4; lastKnownFileType = sourcecode.c.h; path = SearchTermEntryDelegate.h; sourceTree = "<group>"; };
		0ACB560B1033D8CA00F466FF /* SearchTermsSaveDelegate.h */ = {isa = PBXFileReference; fileEncoding = 4; lastKnownFileType = sourcecode.c.h; path = SearchTermsSaveDelegate.h; sourceTree = "<group>"; };
		0AF74F111032C33700BD7270 /* SearchTermEntryTableViewCell.h */ = {isa = PBXFileReference; fileEncoding = 4; lastKnownFileType = sourcecode.c.h; path = SearchTermEntryTableViewCell.h; sourceTree = "<group>"; };
		0AF74F121032C33700BD7270 /* SearchTermEntryTableViewCell.m */ = {isa = PBXFileReference; fileEncoding = 4; lastKnownFileType = sourcecode.c.objc; path = SearchTermEntryTableViewCell.m; sourceTree = "<group>"; };
		0AF74F141032C46D00BD7270 /* SearchTermEntryTableViewCell.xib */ = {isa = PBXFileReference; lastKnownFileType = file.xib; path = SearchTermEntryTableViewCell.xib; sourceTree = "<group>"; };
		1D30AB110D05D00D00671497 /* Foundation.framework */ = {isa = PBXFileReference; lastKnownFileType = wrapper.framework; name = Foundation.framework; path = System/Library/Frameworks/Foundation.framework; sourceTree = SDKROOT; };
		1D3623240D0F684500981E51 /* TweetherAppDelegate.h */ = {isa = PBXFileReference; fileEncoding = 4; lastKnownFileType = sourcecode.c.h; path = TweetherAppDelegate.h; sourceTree = "<group>"; };
		1D3623250D0F684500981E51 /* TweetherAppDelegate.m */ = {isa = PBXFileReference; fileEncoding = 4; lastKnownFileType = sourcecode.c.objc; path = TweetherAppDelegate.m; sourceTree = "<group>"; };
		1D6058910D05DD3D006BFB54 /* Tweether.app */ = {isa = PBXFileReference; explicitFileType = wrapper.application; includeInIndex = 0; path = Tweether.app; sourceTree = BUILT_PRODUCTS_DIR; };
		1DF5F4DF0D08C38300B7A737 /* UIKit.framework */ = {isa = PBXFileReference; lastKnownFileType = wrapper.framework; name = UIKit.framework; path = System/Library/Frameworks/UIKit.framework; sourceTree = SDKROOT; };
		288765FC0DF74451002DB57D /* CoreGraphics.framework */ = {isa = PBXFileReference; lastKnownFileType = wrapper.framework; name = CoreGraphics.framework; path = System/Library/Frameworks/CoreGraphics.framework; sourceTree = SDKROOT; };
		28AD733E0D9D9553002E5188 /* MainWindow.xib */ = {isa = PBXFileReference; lastKnownFileType = file.xib; path = MainWindow.xib; sourceTree = "<group>"; };
		29B97316FDCFA39411CA2CEA /* main.m */ = {isa = PBXFileReference; fileEncoding = 4; lastKnownFileType = sourcecode.c.objc; path = main.m; sourceTree = "<group>"; };
		32CA4F630368D1EE00C91783 /* Tweether_Prefix.pch */ = {isa = PBXFileReference; fileEncoding = 4; lastKnownFileType = sourcecode.c.h; path = Tweether_Prefix.pch; sourceTree = "<group>"; };
		8D1107310486CEB800E47090 /* Tweether-Info.plist */ = {isa = PBXFileReference; fileEncoding = 4; lastKnownFileType = text.plist.xml; path = "Tweether-Info.plist"; plistStructureDefinitionIdentifier = "com.apple.xcode.plist.structure-definition.iphone.info-plist"; sourceTree = "<group>"; };
/* End PBXFileReference section */

/* Begin PBXFrameworksBuildPhase section */
		1D60588F0D05DD3D006BFB54 /* Frameworks */ = {
			isa = PBXFrameworksBuildPhase;
			buildActionMask = 2147483647;
			files = (
				1D60589F0D05DD5A006BFB54 /* Foundation.framework in Frameworks */,
				1DF5F4E00D08C38300B7A737 /* UIKit.framework in Frameworks */,
				288765FD0DF74451002DB57D /* CoreGraphics.framework in Frameworks */,
			);
			runOnlyForDeploymentPostprocessing = 0;
		};
/* End PBXFrameworksBuildPhase section */

/* Begin PBXGroup section */
		080E96DDFE201D6D7F000001 /* Classes */ = {
			isa = PBXGroup;
			children = (
				0A76135B1038211A00FB7130 /* Delegates */,
				0A76132D10381CE800FB7130 /* Models */,
				0A7612221037BB2100FB7130 /* Operations */,
				0ABFEA541032346C00F707BA /* Controllers */,
				0A7612BF103815E400FB7130 /* TouchJSON */,
				1D3623240D0F684500981E51 /* TweetherAppDelegate.h */,
				1D3623250D0F684500981E51 /* TweetherAppDelegate.m */,
			);
			path = Classes;
			sourceTree = "<group>";
		};
		0A7612221037BB2100FB7130 /* Operations */ = {
			isa = PBXGroup;
			children = (
				0A7612231037BB3B00FB7130 /* TwitterSearchOperation.h */,
				0A7612241037BB3B00FB7130 /* TwitterSearchOperation.m */,
			);
			name = Operations;
			sourceTree = "<group>";
		};
		0A7612BF103815E400FB7130 /* TouchJSON */ = {
			isa = PBXGroup;
			children = (
				0A7612C7103815FA00FB7130 /* Extensions */,
				0A7612D0103815FA00FB7130 /* JSON */,
				0A7612D7103815FA00FB7130 /* CDataScanner.h */,
				0A7612D8103815FA00FB7130 /* CDataScanner.m */,
			);
			name = TouchJSON;
			sourceTree = "<group>";
		};
		0A7612C7103815FA00FB7130 /* Extensions */ = {
			isa = PBXGroup;
			children = (
				0A7612C8103815FA00FB7130 /* CDataScanner_Extensions.h */,
				0A7612C9103815FA00FB7130 /* CDataScanner_Extensions.m */,
				0A7612CA103815FA00FB7130 /* NSCharacterSet_Extensions.h */,
				0A7612CB103815FA00FB7130 /* NSCharacterSet_Extensions.m */,
				0A7612CC103815FA00FB7130 /* NSDictionary_JSONExtensions.h */,
				0A7612CD103815FA00FB7130 /* NSDictionary_JSONExtensions.m */,
				0A7612CE103815FA00FB7130 /* NSScanner_Extensions.h */,
				0A7612CF103815FA00FB7130 /* NSScanner_Extensions.m */,
			);
			path = Extensions;
			sourceTree = "<group>";
		};
		0A7612D0103815FA00FB7130 /* JSON */ = {
			isa = PBXGroup;
			children = (
				0A7612D1103815FA00FB7130 /* CJSONDeserializer.h */,
				0A7612D2103815FA00FB7130 /* CJSONDeserializer.m */,
				0A7612D3103815FA00FB7130 /* CJSONScanner.h */,
				0A7612D4103815FA00FB7130 /* CJSONScanner.m */,
				0A7612D5103815FA00FB7130 /* CJSONSerializer.h */,
				0A7612D6103815FA00FB7130 /* CJSONSerializer.m */,
			);
			path = JSON;
			sourceTree = "<group>";
		};
		0A76132D10381CE800FB7130 /* Models */ = {
			isa = PBXGroup;
			children = (
				0A76132E10381D0900FB7130 /* Tweet.h */,
				0A76132F10381D0900FB7130 /* Tweet.m */,
			);
			name = Models;
			sourceTree = "<group>";
		};
		0A76135B1038211A00FB7130 /* Delegates */ = {
			isa = PBXGroup;
			children = (
				0ABFEAE2103247BA00F707BA /* SearchTermEntryDelegate.h */,
				0ACB560B1033D8CA00F466FF /* SearchTermsSaveDelegate.h */,
				0A76135C1038214200FB7130 /* TwitterSearchResultDelegate.h */,
			);
			name = Delegates;
			sourceTree = "<group>";
		};
		0ABFEA541032346C00F707BA /* Controllers */ = {
			isa = PBXGroup;
			children = (
				0ABFEA55103234DB00F707BA /* SearchTermTableViewController.h */,
				0ABFEA56103234DB00F707BA /* SearchTermTableViewController.m */,
				0ABFEADF1032477F00F707BA /* SearchTermEntryTableViewController.h */,
				0ABFEAE01032477F00F707BA /* SearchTermEntryTableViewController.m */,
				0AF74F111032C33700BD7270 /* SearchTermEntryTableViewCell.h */,
				0AF74F121032C33700BD7270 /* SearchTermEntryTableViewCell.m */,
			);
			name = Controllers;
			sourceTree = "<group>";
		};
		19C28FACFE9D520D11CA2CBB /* Products */ = {
			isa = PBXGroup;
			children = (
				1D6058910D05DD3D006BFB54 /* Tweether.app */,
			);
			name = Products;
			sourceTree = "<group>";
		};
		29B97314FDCFA39411CA2CEA /* CustomTemplate */ = {
			isa = PBXGroup;
			children = (
				080E96DDFE201D6D7F000001 /* Classes */,
				29B97315FDCFA39411CA2CEA /* Other Sources */,
				29B97317FDCFA39411CA2CEA /* Resources */,
				29B97323FDCFA39411CA2CEA /* Frameworks */,
				19C28FACFE9D520D11CA2CBB /* Products */,
			);
			name = CustomTemplate;
			sourceTree = "<group>";
		};
		29B97315FDCFA39411CA2CEA /* Other Sources */ = {
			isa = PBXGroup;
			children = (
				32CA4F630368D1EE00C91783 /* Tweether_Prefix.pch */,
				29B97316FDCFA39411CA2CEA /* main.m */,
			);
			name = "Other Sources";
			sourceTree = "<group>";
		};
		29B97317FDCFA39411CA2CEA /* Resources */ = {
			isa = PBXGroup;
			children = (
				28AD733E0D9D9553002E5188 /* MainWindow.xib */,
				8D1107310486CEB800E47090 /* Tweether-Info.plist */,
				0AF74F141032C46D00BD7270 /* SearchTermEntryTableViewCell.xib */,
			);
			name = Resources;
			sourceTree = "<group>";
		};
		29B97323FDCFA39411CA2CEA /* Frameworks */ = {
			isa = PBXGroup;
			children = (
				1DF5F4DF0D08C38300B7A737 /* UIKit.framework */,
				1D30AB110D05D00D00671497 /* Foundation.framework */,
				288765FC0DF74451002DB57D /* CoreGraphics.framework */,
			);
			name = Frameworks;
			sourceTree = "<group>";
		};
/* End PBXGroup section */

/* Begin PBXNativeTarget section */
		1D6058900D05DD3D006BFB54 /* Tweether */ = {
			isa = PBXNativeTarget;
			buildConfigurationList = 1D6058960D05DD3E006BFB54 /* Build configuration list for PBXNativeTarget "Tweether" */;
			buildPhases = (
				1D60588D0D05DD3D006BFB54 /* Resources */,
				1D60588E0D05DD3D006BFB54 /* Sources */,
				1D60588F0D05DD3D006BFB54 /* Frameworks */,
			);
			buildRules = (
			);
			dependencies = (
			);
			name = Tweether;
			productName = Tweether;
			productReference = 1D6058910D05DD3D006BFB54 /* Tweether.app */;
			productType = "com.apple.product-type.application";
		};
/* End PBXNativeTarget section */

/* Begin PBXProject section */
		29B97313FDCFA39411CA2CEA /* Project object */ = {
			isa = PBXProject;
			buildConfigurationList = C01FCF4E08A954540054247B /* Build configuration list for PBXProject "Tweether" */;
			compatibilityVersion = "Xcode 3.1";
			hasScannedForEncodings = 1;
			mainGroup = 29B97314FDCFA39411CA2CEA /* CustomTemplate */;
			projectDirPath = "";
			projectRoot = "";
			targets = (
				1D6058900D05DD3D006BFB54 /* Tweether */,
			);
		};
/* End PBXProject section */

/* Begin PBXResourcesBuildPhase section */
		1D60588D0D05DD3D006BFB54 /* Resources */ = {
			isa = PBXResourcesBuildPhase;
			buildActionMask = 2147483647;
			files = (
				28AD733F0D9D9553002E5188 /* MainWindow.xib in Resources */,
				0AF74F151032C46D00BD7270 /* SearchTermEntryTableViewCell.xib in Resources */,
			);
			runOnlyForDeploymentPostprocessing = 0;
		};
/* End PBXResourcesBuildPhase section */

/* Begin PBXSourcesBuildPhase section */
		1D60588E0D05DD3D006BFB54 /* Sources */ = {
			isa = PBXSourcesBuildPhase;
			buildActionMask = 2147483647;
			files = (
				1D60589B0D05DD56006BFB54 /* main.m in Sources */,
				1D3623260D0F684500981E51 /* TweetherAppDelegate.m in Sources */,
				0ABFEA57103234DB00F707BA /* SearchTermTableViewController.m in Sources */,
				0ABFEAE11032477F00F707BA /* SearchTermEntryTableViewController.m in Sources */,
				0AF74F131032C33700BD7270 /* SearchTermEntryTableViewCell.m in Sources */,
				0A7612251037BB3B00FB7130 /* TwitterSearchOperation.m in Sources */,
				0A7612D9103815FA00FB7130 /* CDataScanner_Extensions.m in Sources */,
				0A7612DA103815FA00FB7130 /* NSCharacterSet_Extensions.m in Sources */,
				0A7612DB103815FA00FB7130 /* NSDictionary_JSONExtensions.m in Sources */,
				0A7612DC103815FA00FB7130 /* NSScanner_Extensions.m in Sources */,
				0A7612DD103815FA00FB7130 /* CJSONDeserializer.m in Sources */,
				0A7612DE103815FA00FB7130 /* CJSONScanner.m in Sources */,
				0A7612DF103815FA00FB7130 /* CJSONSerializer.m in Sources */,
				0A7612E0103815FA00FB7130 /* CDataScanner.m in Sources */,
				0A76133010381D0900FB7130 /* Tweet.m in Sources */,
			);
			runOnlyForDeploymentPostprocessing = 0;
		};
/* End PBXSourcesBuildPhase section */

/* Begin XCBuildConfiguration section */
		1D6058940D05DD3E006BFB54 /* Debug */ = {
			isa = XCBuildConfiguration;
			buildSettings = {
				ALWAYS_SEARCH_USER_PATHS = NO;
				COPY_PHASE_STRIP = NO;
				GCC_DYNAMIC_NO_PIC = NO;
				GCC_OPTIMIZATION_LEVEL = 0;
				GCC_PRECOMPILE_PREFIX_HEADER = YES;
				GCC_PREFIX_HEADER = Tweether_Prefix.pch;
				INFOPLIST_FILE = "Tweether-Info.plist";
				PRODUCT_NAME = Tweether;
			};
			name = Debug;
		};
		1D6058950D05DD3E006BFB54 /* Release */ = {
			isa = XCBuildConfiguration;
			buildSettings = {
				ALWAYS_SEARCH_USER_PATHS = NO;
				COPY_PHASE_STRIP = YES;
				GCC_PRECOMPILE_PREFIX_HEADER = YES;
				GCC_PREFIX_HEADER = Tweether_Prefix.pch;
				INFOPLIST_FILE = "Tweether-Info.plist";
				PRODUCT_NAME = Tweether;
			};
			name = Release;
		};
		C01FCF4F08A954540054247B /* Debug */ = {
			isa = XCBuildConfiguration;
			buildSettings = {
				ARCHS = "$(ARCHS_STANDARD_32_BIT)";
				"CODE_SIGN_IDENTITY[sdk=iphoneos*]" = "iPhone Developer";
				GCC_C_LANGUAGE_STANDARD = c99;
				GCC_WARN_ABOUT_RETURN_TYPE = YES;
				GCC_WARN_UNUSED_VARIABLE = YES;
				PREBINDING = NO;
				SDKROOT = iphoneos3.0;
			};
			name = Debug;
		};
		C01FCF5008A954540054247B /* Release */ = {
			isa = XCBuildConfiguration;
			buildSettings = {
				ARCHS = "$(ARCHS_STANDARD_32_BIT)";
				"CODE_SIGN_IDENTITY[sdk=iphoneos*]" = "iPhone Developer";
				GCC_C_LANGUAGE_STANDARD = c99;
				GCC_WARN_ABOUT_RETURN_TYPE = YES;
				GCC_WARN_UNUSED_VARIABLE = YES;
				PREBINDING = NO;
				SDKROOT = iphoneos3.0;
			};
			name = Release;
		};
/* End XCBuildConfiguration section */

/* Begin XCConfigurationList section */
		1D6058960D05DD3E006BFB54 /* Build configuration list for PBXNativeTarget "Tweether" */ = {
			isa = XCConfigurationList;
			buildConfigurations = (
				1D6058940D05DD3E006BFB54 /* Debug */,
				1D6058950D05DD3E006BFB54 /* Release */,
			);
			defaultConfigurationIsVisible = 0;
			defaultConfigurationName = Release;
		};
		C01FCF4E08A954540054247B /* Build configuration list for PBXProject "Tweether" */ = {
			isa = XCConfigurationList;
			buildConfigurations = (
				C01FCF4F08A954540054247B /* Debug */,
				C01FCF5008A954540054247B /* Release */,
			);
			defaultConfigurationIsVisible = 0;
			defaultConfigurationName = Release;
		};
/* End XCConfigurationList section */
	};
	rootObject = 29B97313FDCFA39411CA2CEA /* Project object */;
}
